
Microsoft Visual Studio Solution File, Format Version 12.00
# Visual Studio Version 16
VisualStudioVersion = 16.0.30204.135
MinimumVisualStudioVersion = 10.0.40219.1
Project("{FAE04EC0-301F-11D3-BF4B-00C04F79EFBC}") = "PosgradoBot", "PosgradoBot\PosgradoBot.csproj", "{005B2704-E908-43F0-8686-C145AC6C99FA}"
EndProject
Global
	GlobalSection(SolutionConfigurationPlatforms) = preSolution
		Debug|Any CPU = Debug|Any CPU
		Release|Any CPU = Release|Any CPU
	EndGlobalSection
	GlobalSection(ProjectConfigurationPlatforms) = postSolution
		{005B2704-E908-43F0-8686-C145AC6C99FA}.Debug|Any CPU.ActiveCfg = Debug|Any CPU
		{005B2704-E908-43F0-8686-C145AC6C99FA}.Debug|Any CPU.Build.0 = Debug|Any CPU
		{005B2704-E908-43F0-8686-C145AC6C99FA}.Release|Any CPU.ActiveCfg = Release|Any CPU
		{005B2704-E908-43F0-8686-C145AC6C99FA}.Release|Any CPU.Build.0 = Release|Any CPU
	EndGlobalSection
	GlobalSection(SolutionProperties) = preSolution
		HideSolutionNode = FALSE
	EndGlobalSection
	GlobalSection(ExtensibilityGlobals) = postSolution
		SolutionGuid = {848AA24D-E979-402C-A35B-2C2DCB14EF35}
	EndGlobalSection
EndGlobal
